
Microsoft Visual Studio Solution File, Format Version 12.00
# Visual Studio Version 17
VisualStudioVersion = 17.14.36121.58 d17.14
MinimumVisualStudioVersion = 10.0.40219.1
Project("{FAE04EC0-301F-11D3-BF4B-00C04F79EFBC}") = "C#_Sprint(Task_7.1)", "C#_Sprint(Task_7.1)\C#_Sprint(Task_7.1).csproj", "{F6F6ED3C-2AB4-4EF9-BA36-EB9CC4C0FCA8}"
EndProject
Global
	GlobalSection(SolutionConfigurationPlatforms) = preSolution
		Debug|Any CPU = Debug|Any CPU
		Release|Any CPU = Release|Any CPU
	EndGlobalSection
	GlobalSection(ProjectConfigurationPlatforms) = postSolution
		{F6F6ED3C-2AB4-4EF9-BA36-EB9CC4C0FCA8}.Debug|Any CPU.ActiveCfg = Debug|Any CPU
		{F6F6ED3C-2AB4-4EF9-BA36-EB9CC4C0FCA8}.Debug|Any CPU.Build.0 = Debug|Any CPU
		{F6F6ED3C-2AB4-4EF9-BA36-EB9CC4C0FCA8}.Release|Any CPU.ActiveCfg = Release|Any CPU
		{F6F6ED3C-2AB4-4EF9-BA36-EB9CC4C0FCA8}.Release|Any CPU.Build.0 = Release|Any CPU
	EndGlobalSection
	GlobalSection(SolutionProperties) = preSolution
		HideSolutionNode = FALSE
	EndGlobalSection
	GlobalSection(ExtensibilityGlobals) = postSolution
		SolutionGuid = {9FC8307F-5AC6-488A-857A-1E270EBF6FE9}
	EndGlobalSection
EndGlobal
