
Microsoft Visual Studio Solution File, Format Version 12.00
# Visual Studio Version 17
VisualStudioVersion = 17.14.36121.58 d17.14
MinimumVisualStudioVersion = 10.0.40219.1
Project("{FAE04EC0-301F-11D3-BF4B-00C04F79EFBC}") = "C#_Sprint(Task_9.1)", "C#_Sprint(Task_9.1)\C#_Sprint(Task_9.1).csproj", "{2F788586-7636-4C6E-8731-95C57631C7AF}"
EndProject
Global
	GlobalSection(SolutionConfigurationPlatforms) = preSolution
		Debug|Any CPU = Debug|Any CPU
		Release|Any CPU = Release|Any CPU
	EndGlobalSection
	GlobalSection(ProjectConfigurationPlatforms) = postSolution
		{2F788586-7636-4C6E-8731-95C57631C7AF}.Debug|Any CPU.ActiveCfg = Debug|Any CPU
		{2F788586-7636-4C6E-8731-95C57631C7AF}.Debug|Any CPU.Build.0 = Debug|Any CPU
		{2F788586-7636-4C6E-8731-95C57631C7AF}.Release|Any CPU.ActiveCfg = Release|Any CPU
		{2F788586-7636-4C6E-8731-95C57631C7AF}.Release|Any CPU.Build.0 = Release|Any CPU
	EndGlobalSection
	GlobalSection(SolutionProperties) = preSolution
		HideSolutionNode = FALSE
	EndGlobalSection
	GlobalSection(ExtensibilityGlobals) = postSolution
		SolutionGuid = {4527695E-4B65-46E9-AE47-AD2401C39CB7}
	EndGlobalSection
EndGlobal
